
Microsoft Visual Studio Solution File, Format Version 12.00
# Visual Studio Version 17
VisualStudioVersion = 17.0.31903.59
MinimumVisualStudioVersion = 10.0.40219.1
Project("{FAE04EC0-301F-11D3-BF4B-00C04F79EFBC}") = "WebApplication1", "WebApplication1\WebApplication1.csproj", "{D30402CB-A99D-4933-9632-DDF8CE45B94C}"
EndProject
Global
	GlobalSection(SolutionConfigurationPlatforms) = preSolution
		Debug|Any CPU = Debug|Any CPU
		Release|Any CPU = Release|Any CPU
	EndGlobalSection
	GlobalSection(SolutionProperties) = preSolution
		HideSolutionNode = FALSE
	EndGlobalSection
	GlobalSection(ProjectConfigurationPlatforms) = postSolution
		{D30402CB-A99D-4933-9632-DDF8CE45B94C}.Debug|Any CPU.ActiveCfg = Debug|Any CPU
		{D30402CB-A99D-4933-9632-DDF8CE45B94C}.Debug|Any CPU.Build.0 = Debug|Any CPU
		{D30402CB-A99D-4933-9632-DDF8CE45B94C}.Release|Any CPU.ActiveCfg = Release|Any CPU
		{D30402CB-A99D-4933-9632-DDF8CE45B94C}.Release|Any CPU.Build.0 = Release|Any CPU
	EndGlobalSection
EndGlobal
