
Microsoft Visual Studio Solution File, Format Version 12.00
# Visual Studio Version 17
VisualStudioVersion = 17.5.002.0
MinimumVisualStudioVersion = 10.0.40219.1
Project("{9A19103F-16F7-4668-BE54-9A1E7A4F7556}") = "cluster", "cluster.csproj", "{CFCF0571-C660-4E5B-B14C-5BC654350636}"
EndProject
Global
	GlobalSection(SolutionConfigurationPlatforms) = preSolution
		Debug|Any CPU = Debug|Any CPU
		Release|Any CPU = Release|Any CPU
	EndGlobalSection
	GlobalSection(ProjectConfigurationPlatforms) = postSolution
		{CFCF0571-C660-4E5B-B14C-5BC654350636}.Debug|Any CPU.ActiveCfg = Debug|Any CPU
		{CFCF0571-C660-4E5B-B14C-5BC654350636}.Debug|Any CPU.Build.0 = Debug|Any CPU
		{CFCF0571-C660-4E5B-B14C-5BC654350636}.Release|Any CPU.ActiveCfg = Release|Any CPU
		{CFCF0571-C660-4E5B-B14C-5BC654350636}.Release|Any CPU.Build.0 = Release|Any CPU
	EndGlobalSection
	GlobalSection(SolutionProperties) = preSolution
		HideSolutionNode = FALSE
	EndGlobalSection
	GlobalSection(ExtensibilityGlobals) = postSolution
		SolutionGuid = {2842E546-3552-41B6-8F91-688750DC6111}
	EndGlobalSection
EndGlobal
